
Microsoft Visual Studio Solution File, Format Version 12.00
# Visual Studio Version 16
VisualStudioVersion = 16.0.30011.22
MinimumVisualStudioVersion = 10.0.40219.1
Project("{FAE04EC0-301F-11D3-BF4B-00C04F79EFBC}") = "20203179 이나린_과제1", "20203179 이나린_과제1.csproj", "{533D1C59-A37F-442D-9C9C-D23561ED5BF9}"
EndProject
Global
	GlobalSection(SolutionConfigurationPlatforms) = preSolution
		Debug|Any CPU = Debug|Any CPU
		Release|Any CPU = Release|Any CPU
	EndGlobalSection
	GlobalSection(ProjectConfigurationPlatforms) = postSolution
		{533D1C59-A37F-442D-9C9C-D23561ED5BF9}.Debug|Any CPU.ActiveCfg = Debug|Any CPU
		{533D1C59-A37F-442D-9C9C-D23561ED5BF9}.Debug|Any CPU.Build.0 = Debug|Any CPU
		{533D1C59-A37F-442D-9C9C-D23561ED5BF9}.Release|Any CPU.ActiveCfg = Release|Any CPU
		{533D1C59-A37F-442D-9C9C-D23561ED5BF9}.Release|Any CPU.Build.0 = Release|Any CPU
	EndGlobalSection
	GlobalSection(SolutionProperties) = preSolution
		HideSolutionNode = FALSE
	EndGlobalSection
	GlobalSection(ExtensibilityGlobals) = postSolution
		SolutionGuid = {E033A81C-8F3F-4E09-89FA-40E220B1BFD2}
	EndGlobalSection
EndGlobal
