
Microsoft Visual Studio Solution File, Format Version 12.00
# Visual Studio Version 16
VisualStudioVersion = 16.0.30011.22
MinimumVisualStudioVersion = 10.0.40219.1
Project("{FAE04EC0-301F-11D3-BF4B-00C04F79EFBC}") = "2020.05.31_02", "2020.05.31_02.csproj", "{42C49257-0E66-408B-B894-4970280CE0BC}"
EndProject
Global
	GlobalSection(SolutionConfigurationPlatforms) = preSolution
		Debug|Any CPU = Debug|Any CPU
		Release|Any CPU = Release|Any CPU
	EndGlobalSection
	GlobalSection(ProjectConfigurationPlatforms) = postSolution
		{42C49257-0E66-408B-B894-4970280CE0BC}.Debug|Any CPU.ActiveCfg = Debug|Any CPU
		{42C49257-0E66-408B-B894-4970280CE0BC}.Debug|Any CPU.Build.0 = Debug|Any CPU
		{42C49257-0E66-408B-B894-4970280CE0BC}.Release|Any CPU.ActiveCfg = Release|Any CPU
		{42C49257-0E66-408B-B894-4970280CE0BC}.Release|Any CPU.Build.0 = Release|Any CPU
	EndGlobalSection
	GlobalSection(SolutionProperties) = preSolution
		HideSolutionNode = FALSE
	EndGlobalSection
	GlobalSection(ExtensibilityGlobals) = postSolution
		SolutionGuid = {5728B8AF-0A90-49F5-93B3-260FC62C8CE4}
	EndGlobalSection
EndGlobal
