
Microsoft Visual Studio Solution File, Format Version 12.00
# Visual Studio Version 16
VisualStudioVersion = 16.0.30011.22
MinimumVisualStudioVersion = 10.0.40219.1
Project("{FAE04EC0-301F-11D3-BF4B-00C04F79EFBC}") = "2020.06.07_01", "2020.06.07_01.csproj", "{D4754513-8FFF-4861-9A1B-1E0789A7DE67}"
EndProject
Global
	GlobalSection(SolutionConfigurationPlatforms) = preSolution
		Debug|Any CPU = Debug|Any CPU
		Release|Any CPU = Release|Any CPU
	EndGlobalSection
	GlobalSection(ProjectConfigurationPlatforms) = postSolution
		{D4754513-8FFF-4861-9A1B-1E0789A7DE67}.Debug|Any CPU.ActiveCfg = Debug|Any CPU
		{D4754513-8FFF-4861-9A1B-1E0789A7DE67}.Debug|Any CPU.Build.0 = Debug|Any CPU
		{D4754513-8FFF-4861-9A1B-1E0789A7DE67}.Release|Any CPU.ActiveCfg = Release|Any CPU
		{D4754513-8FFF-4861-9A1B-1E0789A7DE67}.Release|Any CPU.Build.0 = Release|Any CPU
	EndGlobalSection
	GlobalSection(SolutionProperties) = preSolution
		HideSolutionNode = FALSE
	EndGlobalSection
	GlobalSection(ExtensibilityGlobals) = postSolution
		SolutionGuid = {A35198EC-8415-4255-BDC3-2080ACF9A27D}
	EndGlobalSection
EndGlobal
