
Microsoft Visual Studio Solution File, Format Version 12.00
# Visual Studio Version 16
VisualStudioVersion = 16.0.30128.74
MinimumVisualStudioVersion = 10.0.40219.1
Project("{FAE04EC0-301F-11D3-BF4B-00C04F79EFBC}") = "20203179 이나린_과제2", "20203179 이나린_과제2.csproj", "{0D7017D8-0105-433B-9463-1388C9314456}"
EndProject
Global
	GlobalSection(SolutionConfigurationPlatforms) = preSolution
		Debug|Any CPU = Debug|Any CPU
		Release|Any CPU = Release|Any CPU
	EndGlobalSection
	GlobalSection(ProjectConfigurationPlatforms) = postSolution
		{0D7017D8-0105-433B-9463-1388C9314456}.Debug|Any CPU.ActiveCfg = Debug|Any CPU
		{0D7017D8-0105-433B-9463-1388C9314456}.Debug|Any CPU.Build.0 = Debug|Any CPU
		{0D7017D8-0105-433B-9463-1388C9314456}.Release|Any CPU.ActiveCfg = Release|Any CPU
		{0D7017D8-0105-433B-9463-1388C9314456}.Release|Any CPU.Build.0 = Release|Any CPU
	EndGlobalSection
	GlobalSection(SolutionProperties) = preSolution
		HideSolutionNode = FALSE
	EndGlobalSection
	GlobalSection(ExtensibilityGlobals) = postSolution
		SolutionGuid = {5E4934AE-2BA6-4FA2-97B6-7554A9635457}
	EndGlobalSection
EndGlobal
