
Microsoft Visual Studio Solution File, Format Version 12.00
# Visual Studio Version 16
VisualStudioVersion = 16.0.30011.22
MinimumVisualStudioVersion = 10.0.40219.1
Project("{FAE04EC0-301F-11D3-BF4B-00C04F79EFBC}") = "2020.05.09", "2020.05.09.csproj", "{8C3EA2CC-FF69-4154-B951-0CA676EDBE1D}"
EndProject
Global
	GlobalSection(SolutionConfigurationPlatforms) = preSolution
		Debug|Any CPU = Debug|Any CPU
		Release|Any CPU = Release|Any CPU
	EndGlobalSection
	GlobalSection(ProjectConfigurationPlatforms) = postSolution
		{8C3EA2CC-FF69-4154-B951-0CA676EDBE1D}.Debug|Any CPU.ActiveCfg = Debug|Any CPU
		{8C3EA2CC-FF69-4154-B951-0CA676EDBE1D}.Debug|Any CPU.Build.0 = Debug|Any CPU
		{8C3EA2CC-FF69-4154-B951-0CA676EDBE1D}.Release|Any CPU.ActiveCfg = Release|Any CPU
		{8C3EA2CC-FF69-4154-B951-0CA676EDBE1D}.Release|Any CPU.Build.0 = Release|Any CPU
	EndGlobalSection
	GlobalSection(SolutionProperties) = preSolution
		HideSolutionNode = FALSE
	EndGlobalSection
	GlobalSection(ExtensibilityGlobals) = postSolution
		SolutionGuid = {03FD1BC4-5FC3-4B9F-A8B7-A8558E853CDF}
	EndGlobalSection
EndGlobal
