
Microsoft Visual Studio Solution File, Format Version 12.00
# Visual Studio Version 16
VisualStudioVersion = 16.0.30128.74
MinimumVisualStudioVersion = 10.0.40219.1
Project("{FAE04EC0-301F-11D3-BF4B-00C04F79EFBC}") = "2020.06.22_01", "2020.06.22_01.csproj", "{D4C11371-7E66-4F4A-86B2-A88E5FB4AE23}"
EndProject
Global
	GlobalSection(SolutionConfigurationPlatforms) = preSolution
		Debug|Any CPU = Debug|Any CPU
		Release|Any CPU = Release|Any CPU
	EndGlobalSection
	GlobalSection(ProjectConfigurationPlatforms) = postSolution
		{D4C11371-7E66-4F4A-86B2-A88E5FB4AE23}.Debug|Any CPU.ActiveCfg = Debug|Any CPU
		{D4C11371-7E66-4F4A-86B2-A88E5FB4AE23}.Debug|Any CPU.Build.0 = Debug|Any CPU
		{D4C11371-7E66-4F4A-86B2-A88E5FB4AE23}.Release|Any CPU.ActiveCfg = Release|Any CPU
		{D4C11371-7E66-4F4A-86B2-A88E5FB4AE23}.Release|Any CPU.Build.0 = Release|Any CPU
	EndGlobalSection
	GlobalSection(SolutionProperties) = preSolution
		HideSolutionNode = FALSE
	EndGlobalSection
	GlobalSection(ExtensibilityGlobals) = postSolution
		SolutionGuid = {C8F0022E-CDC7-4345-982B-3A531A50F75E}
	EndGlobalSection
EndGlobal
