
Microsoft Visual Studio Solution File, Format Version 12.00
# Visual Studio Version 16
VisualStudioVersion = 16.0.30011.22
MinimumVisualStudioVersion = 10.0.40219.1
Project("{FAE04EC0-301F-11D3-BF4B-00C04F79EFBC}") = "2020.05.24_01", "2020.05.24_01.csproj", "{5A820247-4C54-4421-B841-D2BDA1942F48}"
EndProject
Global
	GlobalSection(SolutionConfigurationPlatforms) = preSolution
		Debug|Any CPU = Debug|Any CPU
		Release|Any CPU = Release|Any CPU
	EndGlobalSection
	GlobalSection(ProjectConfigurationPlatforms) = postSolution
		{5A820247-4C54-4421-B841-D2BDA1942F48}.Debug|Any CPU.ActiveCfg = Debug|Any CPU
		{5A820247-4C54-4421-B841-D2BDA1942F48}.Debug|Any CPU.Build.0 = Debug|Any CPU
		{5A820247-4C54-4421-B841-D2BDA1942F48}.Release|Any CPU.ActiveCfg = Release|Any CPU
		{5A820247-4C54-4421-B841-D2BDA1942F48}.Release|Any CPU.Build.0 = Release|Any CPU
	EndGlobalSection
	GlobalSection(SolutionProperties) = preSolution
		HideSolutionNode = FALSE
	EndGlobalSection
	GlobalSection(ExtensibilityGlobals) = postSolution
		SolutionGuid = {A33F9699-7977-450E-BEE5-914BC02071E3}
	EndGlobalSection
EndGlobal
